
Microsoft Visual Studio Solution File, Format Version 12.00
# Visual Studio Version 16
VisualStudioVersion = 16.0.31702.278
MinimumVisualStudioVersion = 10.0.40219.1
Project("{FAE04EC0-301F-11D3-BF4B-00C04F79EFBC}") = "Lab Task 2_Product_Crud", "Lab Task 2_Product_Crud\Lab Task 2_Product_Crud.csproj", "{A5DD1B0F-478C-4858-9810-2F1038A726AE}"
EndProject
Global
	GlobalSection(SolutionConfigurationPlatforms) = preSolution
		Debug|Any CPU = Debug|Any CPU
		Release|Any CPU = Release|Any CPU
	EndGlobalSection
	GlobalSection(ProjectConfigurationPlatforms) = postSolution
		{A5DD1B0F-478C-4858-9810-2F1038A726AE}.Debug|Any CPU.ActiveCfg = Debug|Any CPU
		{A5DD1B0F-478C-4858-9810-2F1038A726AE}.Debug|Any CPU.Build.0 = Debug|Any CPU
		{A5DD1B0F-478C-4858-9810-2F1038A726AE}.Release|Any CPU.ActiveCfg = Release|Any CPU
		{A5DD1B0F-478C-4858-9810-2F1038A726AE}.Release|Any CPU.Build.0 = Release|Any CPU
	EndGlobalSection
	GlobalSection(SolutionProperties) = preSolution
		HideSolutionNode = FALSE
	EndGlobalSection
	GlobalSection(ExtensibilityGlobals) = postSolution
		SolutionGuid = {4EA70B21-CFAF-407A-988F-71493937C59A}
	EndGlobalSection
EndGlobal
